github.com/cloudflare/cfssl v1.6.4 h1:NMOvfrEjFfC63K3SGXgAnFdsgkmiq4kATme5BfcqrO8=
github.com/cloudflare/cfssl v1.6.4/go.mod h1:8b3CQMxfWPAeom3zBnGJ6sd+G1NkL5TXqmDXacb+1J0=
github.com/google/uuid v1.5.0 h1:1p67kYwdtXjb0gL0BPiP1Av9wiZPo5A8z2cWkTZ+eyU=
github.com/google/uuid v1.5.0/go.mod h1:TIyPZe4MgqvfeYDBFedMoGGpEw/LqOeaOT+nhxU+yHo=
